
Microsoft Visual Studio Solution File, Format Version 11.00
# Visual Studio 2010
Project("{8BC9CEB8-8B4A-11D0-8D11-00A0C91BC942}") = "Library", "yaml-cpp.vcxproj", "{002FDDB3-3660-4F42-9C27-A32FD2FB3F2C}"
EndProject
Project("{8BC9CEB8-8B4A-11D0-8D11-00A0C91BC942}") = "Test", "yaml-test\yaml-test.vcxproj", "{8B58DB69-DC15-4626-A8BC-84B5EFD0A5A5}"
EndProject
Project("{8BC9CEB8-8B4A-11D0-8D11-00A0C91BC942}") = "Example", "yaml-example\yaml-example.vcxproj", "{CA2FF8CE-6A76-4745-BE6F-A9EB878AC7D7}"
EndProject
Global
	GlobalSection(SolutionConfigurationPlatforms) = preSolution
		Debug|x64 = Debug|x64
		Release|x64 = Release|x64
	EndGlobalSection
	GlobalSection(ProjectConfigurationPlatforms) = postSolution
		{002FDDB3-3660-4F42-9C27-A32FD2FB3F2C}.Debug|x64.ActiveCfg = Debug|x64
		{002FDDB3-3660-4F42-9C27-A32FD2FB3F2C}.Debug|x64.Build.0 = Debug|x64
		{002FDDB3-3660-4F42-9C27-A32FD2FB3F2C}.Release|x64.ActiveCfg = Release|x64
		{002FDDB3-3660-4F42-9C27-A32FD2FB3F2C}.Release|x64.Build.0 = Release|x64
		
		{8B58DB69-DC15-4626-A8BC-84B5EFD0A5A5}.Debug|x64.ActiveCfg = Debug|x64
		{8B58DB69-DC15-4626-A8BC-84B5EFD0A5A5}.Debug|x64.Build.0 = Debug|x64
		{8B58DB69-DC15-4626-A8BC-84B5EFD0A5A5}.Release|x64.ActiveCfg = Release|x64
		{8B58DB69-DC15-4626-A8BC-84B5EFD0A5A5}.Release|x64.Build.0 = Release|x64
		
		{CA2FF8CE-6A76-4745-BE6F-A9EB878AC7D7}.Debug|x64.ActiveCfg = Debug|x64
		{CA2FF8CE-6A76-4745-BE6F-A9EB878AC7D7}.Debug|x64.Build.0 = Debug|x64
		{CA2FF8CE-6A76-4745-BE6F-A9EB878AC7D7}.Release|x64.ActiveCfg = Release|x64
		{CA2FF8CE-6A76-4745-BE6F-A9EB878AC7D7}.Release|x64.Build.0 = Release|x64
	EndGlobalSection
	GlobalSection(SolutionProperties) = preSolution
		HideSolutionNode = FALSE
	EndGlobalSection
EndGlobal
