<?xml version="1.0" encoding="utf-8"?>
<Project ToolsVersion="4.0" xmlns="http://schemas.microsoft.com/developer/msbuild/2003">
  <ItemGroup>
    <Filter Include="src">
      <UniqueIdentifier>{38f946d0-7d92-49ad-bd18-179bc9c81ac1}</UniqueIdentifier>
    </Filter>
    <Filter Include="src\contrib">
      <UniqueIdentifier>{72c1ca34-54d9-4520-966e-72cd3eb3d456}</UniqueIdentifier>
    </Filter>
    <Filter Include="Include">
      <UniqueIdentifier>{99eb0ab3-d19c-47ca-a625-2a986b27af35}</UniqueIdentifier>
    </Filter>
  </ItemGroup>
  <ItemGroup>
    <ClCompile Include="..\..\src\contrib\graphbuilder.cpp">
      <Filter>src\contrib</Filter>
    </ClCompile>
    <ClCompile Include="..\..\src\contrib\graphbuilderadapter.cpp">
      <Filter>src\contrib</Filter>
    </ClCompile>
    <ClCompile Include="..\..\src\aliasmanager.cpp">
      <Filter>src</Filter>
    </ClCompile>
    <ClCompile Include="..\..\src\binary.cpp">
      <Filter>src</Filter>
    </ClCompile>
    <ClCompile Include="..\..\src\conversion.cpp">
      <Filter>src</Filter>
    </ClCompile>
    <ClCompile Include="..\..\src\directives.cpp">
      <Filter>src</Filter>
    </ClCompile>
    <ClCompile Include="..\..\src\emitfromevents.cpp">
      <Filter>src</Filter>
    </ClCompile>
    <ClCompile Include="..\..\src\emitter.cpp">
      <Filter>src</Filter>
    </ClCompile>
    <ClCompile Include="..\..\src\emitterstate.cpp">
      <Filter>src</Filter>
    </ClCompile>
    <ClCompile Include="..\..\src\emitterutils.cpp">
      <Filter>src</Filter>
    </ClCompile>
    <ClCompile Include="..\..\src\exp.cpp">
      <Filter>src</Filter>
    </ClCompile>
    <ClCompile Include="..\..\src\iterator.cpp">
      <Filter>src</Filter>
    </ClCompile>
    <ClCompile Include="..\..\src\node.cpp">
      <Filter>src</Filter>
    </ClCompile>
    <ClCompile Include="..\..\src\nodebuilder.cpp">
      <Filter>src</Filter>
    </ClCompile>
    <ClCompile Include="..\..\src\nodeownership.cpp">
      <Filter>src</Filter>
    </ClCompile>
    <ClCompile Include="..\..\src\null.cpp">
      <Filter>src</Filter>
    </ClCompile>
    <ClCompile Include="..\..\src\ostream.cpp">
      <Filter>src</Filter>
    </ClCompile>
    <ClCompile Include="..\..\src\parser.cpp">
      <Filter>src</Filter>
    </ClCompile>
    <ClCompile Include="..\..\src\regex.cpp">
      <Filter>src</Filter>
    </ClCompile>
    <ClCompile Include="..\..\src\scanner.cpp">
      <Filter>src</Filter>
    </ClCompile>
    <ClCompile Include="..\..\src\scanscalar.cpp">
      <Filter>src</Filter>
    </ClCompile>
    <ClCompile Include="..\..\src\scantag.cpp">
      <Filter>src</Filter>
    </ClCompile>
    <ClCompile Include="..\..\src\scantoken.cpp">
      <Filter>src</Filter>
    </ClCompile>
    <ClCompile Include="..\..\src\simplekey.cpp">
      <Filter>src</Filter>
    </ClCompile>
    <ClCompile Include="..\..\src\singledocparser.cpp">
      <Filter>src</Filter>
    </ClCompile>
    <ClCompile Include="..\..\src\stream.cpp">
      <Filter>src</Filter>
    </ClCompile>
    <ClCompile Include="..\..\src\tag.cpp">
      <Filter>src</Filter>
    </ClCompile>
  </ItemGroup>
  <ItemGroup>
    <ClInclude Include="..\..\include\yaml-cpp\aliasmanager.h">
      <Filter>Include</Filter>
    </ClInclude>
    <ClInclude Include="..\..\include\yaml-cpp\anchor.h">
      <Filter>Include</Filter>
    </ClInclude>
    <ClInclude Include="..\..\include\yaml-cpp\binary.h">
      <Filter>Include</Filter>
    </ClInclude>
    <ClInclude Include="..\..\include\yaml-cpp\conversion.h">
      <Filter>Include</Filter>
    </ClInclude>
    <ClInclude Include="..\..\include\yaml-cpp\dll.h">
      <Filter>Include</Filter>
    </ClInclude>
    <ClInclude Include="..\..\include\yaml-cpp\emitfromevents.h">
      <Filter>Include</Filter>
    </ClInclude>
    <ClInclude Include="..\..\include\yaml-cpp\emitter.h">
      <Filter>Include</Filter>
    </ClInclude>
    <ClInclude Include="..\..\include\yaml-cpp\emittermanip.h">
      <Filter>Include</Filter>
    </ClInclude>
    <ClInclude Include="..\..\include\yaml-cpp\eventhandler.h">
      <Filter>Include</Filter>
    </ClInclude>
    <ClInclude Include="..\..\include\yaml-cpp\exceptions.h">
      <Filter>Include</Filter>
    </ClInclude>
    <ClInclude Include="..\..\include\yaml-cpp\iterator.h">
      <Filter>Include</Filter>
    </ClInclude>
    <ClInclude Include="..\..\include\yaml-cpp\ltnode.h">
      <Filter>Include</Filter>
    </ClInclude>
    <ClInclude Include="..\..\include\yaml-cpp\mark.h">
      <Filter>Include</Filter>
    </ClInclude>
    <ClInclude Include="..\..\include\yaml-cpp\node.h">
      <Filter>Include</Filter>
    </ClInclude>
    <ClInclude Include="..\..\include\yaml-cpp\nodeimpl.h">
      <Filter>Include</Filter>
    </ClInclude>
    <ClInclude Include="..\..\include\yaml-cpp\nodereadimpl.h">
      <Filter>Include</Filter>
    </ClInclude>
    <ClInclude Include="..\..\include\yaml-cpp\nodeutil.h">
      <Filter>Include</Filter>
    </ClInclude>
    <ClInclude Include="..\..\include\yaml-cpp\noncopyable.h">
      <Filter>Include</Filter>
    </ClInclude>
    <ClInclude Include="..\..\include\yaml-cpp\null.h">
      <Filter>Include</Filter>
    </ClInclude>
    <ClInclude Include="..\..\include\yaml-cpp\ostream.h">
      <Filter>Include</Filter>
    </ClInclude>
    <ClInclude Include="..\..\include\yaml-cpp\parser.h">
      <Filter>Include</Filter>
    </ClInclude>
    <ClInclude Include="..\..\include\yaml-cpp\stlemitter.h">
      <Filter>Include</Filter>
    </ClInclude>
    <ClInclude Include="..\..\include\yaml-cpp\stlnode.h">
      <Filter>Include</Filter>
    </ClInclude>
    <ClInclude Include="..\..\include\yaml-cpp\traits.h">
      <Filter>Include</Filter>
    </ClInclude>
    <ClInclude Include="..\..\include\yaml-cpp\yaml.h">
      <Filter>Include</Filter>
    </ClInclude>
  </ItemGroup>
</Project>